// !$*UTF8*$!
{
	archiveVersion = 1;
	classes = {
	};
	objectVersion = 56;
	objects = {

/* Begin PBXBuildFile section */
		9A96FECC2ACD17E600F67CDA /* ReelTalkOnboardingApp.swift in Sources */ = {isa = PBXBuildFile; fileRef = 9A96FECB2ACD17E600F67CDA /* ReelTalkOnboardingApp.swift */; };
		9A96FED02ACD17E800F67CDA /* Assets.xcassets in Resources */ = {isa = PBXBuildFile; fileRef = 9A96FECF2ACD17E800F67CDA /* Assets.xcassets */; };
		9A96FED32ACD17E800F67CDA /* Preview Assets.xcassets in Resources */ = {isa = PBXBuildFile; fileRef = 9A96FED22ACD17E800F67CDA /* Preview Assets.xcassets */; };
		9A96FEDA2ACD18DB00F67CDA /* Splash_1.swift in Sources */ = {isa = PBXBuildFile; fileRef = 9A96FED92ACD18DB00F67CDA /* Splash_1.swift */; };
		9A96FEDC2ACD1B8C00F67CDA /* Onboarding_1.swift in Sources */ = {isa = PBXBuildFile; fileRef = 9A96FEDB2ACD1B8C00F67CDA /* Onboarding_1.swift */; };
		9A96FEDE2ACD1E7700F67CDA /* Onboarding_2.swift in Sources */ = {isa = PBXBuildFile; fileRef = 9A96FEDD2ACD1E7700F67CDA /* Onboarding_2.swift */; };
		9A96FEE02ACD1E8600F67CDA /* Onboarding_3.swift in Sources */ = {isa = PBXBuildFile; fileRef = 9A96FEDF2ACD1E8600F67CDA /* Onboarding_3.swift */; };
		9A96FEE22ACD219D00F67CDA /* SignUpView.swift in Sources */ = {isa = PBXBuildFile; fileRef = 9A96FEE12ACD219D00F67CDA /* SignUpView.swift */; };
		9A96FEE82ACD4F4800F67CDA /* ReelTalkOnboardingView.swift in Sources */ = {isa = PBXBuildFile; fileRef = 9A96FEE72ACD4F4800F67CDA /* ReelTalkOnboardingView.swift */; };
		9A96FEEA2ACD5DD100F67CDA /* LoginView.swift in Sources */ = {isa = PBXBuildFile; fileRef = 9A96FEE92ACD5DD100F67CDA /* LoginView.swift */; };
		9A96FEEC2ACD648300F67CDA /* ProfileView.swift in Sources */ = {isa = PBXBuildFile; fileRef = 9A96FEEB2ACD648300F67CDA /* ProfileView.swift */; };
		9A96FEEE2ACD94A900F67CDA /* PushNotifView.swift in Sources */ = {isa = PBXBuildFile; fileRef = 9A96FEED2ACD94A900F67CDA /* PushNotifView.swift */; };
		9A96FEF02ACD96D100F67CDA /* WelcomeView.swift in Sources */ = {isa = PBXBuildFile; fileRef = 9A96FEEF2ACD96D100F67CDA /* WelcomeView.swift */; };
		9A96FEF22ACE482800F67CDA /* GenreSelectionView.swift in Sources */ = {isa = PBXBuildFile; fileRef = 9A96FEF12ACE482800F67CDA /* GenreSelectionView.swift */; };
		9A96FEF42ACE511100F67CDA /* MoviesSelectionView.swift in Sources */ = {isa = PBXBuildFile; fileRef = 9A96FEF32ACE511100F67CDA /* MoviesSelectionView.swift */; };
		9A96FEF62ACE51E000F67CDA /* KeepItReelView.swift in Sources */ = {isa = PBXBuildFile; fileRef = 9A96FEF52ACE51E000F67CDA /* KeepItReelView.swift */; };
		9A96FEF82ACEC3A700F67CDA /* TVShowsSelectionView.swift in Sources */ = {isa = PBXBuildFile; fileRef = 9A96FEF72ACEC3A700F67CDA /* TVShowsSelectionView.swift */; };
		9A96FEFB2ACF8F0600F67CDA /* HomeView.swift in Sources */ = {isa = PBXBuildFile; fileRef = 9A96FEFA2ACF8F0600F67CDA /* HomeView.swift */; };
		9A96FF002ACF9F2000F67CDA /* AvenirNextLTPro-Bold.otf in Resources */ = {isa = PBXBuildFile; fileRef = 9A96FEFD2ACF9F2000F67CDA /* AvenirNextLTPro-Bold.otf */; };
		9A96FF012ACF9F2000F67CDA /* AvenirNextLTPro-Regular.otf in Resources */ = {isa = PBXBuildFile; fileRef = 9A96FEFE2ACF9F2000F67CDA /* AvenirNextLTPro-Regular.otf */; };
		9A96FF022ACF9F2000F67CDA /* AvenirNextLTPro-It.otf in Resources */ = {isa = PBXBuildFile; fileRef = 9A96FEFF2ACF9F2000F67CDA /* AvenirNextLTPro-It.otf */; };
/* End PBXBuildFile section */

/* Begin PBXFileReference section */
		9A96FEC82ACD17E500F67CDA /* ReelTalkOnboarding.app */ = {isa = PBXFileReference; explicitFileType = wrapper.application; includeInIndex = 0; path = ReelTalkOnboarding.app; sourceTree = BUILT_PRODUCTS_DIR; };
		9A96FECB2ACD17E600F67CDA /* ReelTalkOnboardingApp.swift */ = {isa = PBXFileReference; lastKnownFileType = sourcecode.swift; path = ReelTalkOnboardingApp.swift; sourceTree = "<group>"; };
		9A96FECF2ACD17E800F67CDA /* Assets.xcassets */ = {isa = PBXFileReference; lastKnownFileType = folder.assetcatalog; path = Assets.xcassets; sourceTree = "<group>"; };
		9A96FED22ACD17E800F67CDA /* Preview Assets.xcassets */ = {isa = PBXFileReference; lastKnownFileType = folder.assetcatalog; path = "Preview Assets.xcassets"; sourceTree = "<group>"; };
		9A96FED92ACD18DB00F67CDA /* Splash_1.swift */ = {isa = PBXFileReference; lastKnownFileType = sourcecode.swift; path = Splash_1.swift; sourceTree = "<group>"; };
		9A96FEDB2ACD1B8C00F67CDA /* Onboarding_1.swift */ = {isa = PBXFileReference; lastKnownFileType = sourcecode.swift; path = Onboarding_1.swift; sourceTree = "<group>"; };
		9A96FEDD2ACD1E7700F67CDA /* Onboarding_2.swift */ = {isa = PBXFileReference; lastKnownFileType = sourcecode.swift; path = Onboarding_2.swift; sourceTree = "<group>"; };
		9A96FEDF2ACD1E8600F67CDA /* Onboarding_3.swift */ = {isa = PBXFileReference; lastKnownFileType = sourcecode.swift; path = Onboarding_3.swift; sourceTree = "<group>"; };
		9A96FEE12ACD219D00F67CDA /* SignUpView.swift */ = {isa = PBXFileReference; lastKnownFileType = sourcecode.swift; path = SignUpView.swift; sourceTree = "<group>"; };
		9A96FEE72ACD4F4800F67CDA /* ReelTalkOnboardingView.swift */ = {isa = PBXFileReference; lastKnownFileType = sourcecode.swift; path = ReelTalkOnboardingView.swift; sourceTree = "<group>"; };
		9A96FEE92ACD5DD100F67CDA /* LoginView.swift */ = {isa = PBXFileReference; lastKnownFileType = sourcecode.swift; path = LoginView.swift; sourceTree = "<group>"; };
		9A96FEEB2ACD648300F67CDA /* ProfileView.swift */ = {isa = PBXFileReference; lastKnownFileType = sourcecode.swift; path = ProfileView.swift; sourceTree = "<group>"; };
		9A96FEED2ACD94A900F67CDA /* PushNotifView.swift */ = {isa = PBXFileReference; lastKnownFileType = sourcecode.swift; path = PushNotifView.swift; sourceTree = "<group>"; };
		9A96FEEF2ACD96D100F67CDA /* WelcomeView.swift */ = {isa = PBXFileReference; lastKnownFileType = sourcecode.swift; path = WelcomeView.swift; sourceTree = "<group>"; };
		9A96FEF12ACE482800F67CDA /* GenreSelectionView.swift */ = {isa = PBXFileReference; lastKnownFileType = sourcecode.swift; path = GenreSelectionView.swift; sourceTree = "<group>"; };
		9A96FEF32ACE511100F67CDA /* MoviesSelectionView.swift */ = {isa = PBXFileReference; lastKnownFileType = sourcecode.swift; path = MoviesSelectionView.swift; sourceTree = "<group>"; };
		9A96FEF52ACE51E000F67CDA /* KeepItReelView.swift */ = {isa = PBXFileReference; lastKnownFileType = sourcecode.swift; path = KeepItReelView.swift; sourceTree = "<group>"; };
		9A96FEF72ACEC3A700F67CDA /* TVShowsSelectionView.swift */ = {isa = PBXFileReference; lastKnownFileType = sourcecode.swift; path = TVShowsSelectionView.swift; sourceTree = "<group>"; };
		9A96FEFA2ACF8F0600F67CDA /* HomeView.swift */ = {isa = PBXFileReference; lastKnownFileType = sourcecode.swift; path = HomeView.swift; sourceTree = "<group>"; };
		9A96FEFD2ACF9F2000F67CDA /* AvenirNextLTPro-Bold.otf */ = {isa = PBXFileReference; lastKnownFileType = file; path = "AvenirNextLTPro-Bold.otf"; sourceTree = "<group>"; };
		9A96FEFE2ACF9F2000F67CDA /* AvenirNextLTPro-Regular.otf */ = {isa = PBXFileReference; lastKnownFileType = file; path = "AvenirNextLTPro-Regular.otf"; sourceTree = "<group>"; };
		9A96FEFF2ACF9F2000F67CDA /* AvenirNextLTPro-It.otf */ = {isa = PBXFileReference; lastKnownFileType = file; path = "AvenirNextLTPro-It.otf"; sourceTree = "<group>"; };
		9A96FF032ACF9F7600F67CDA /* Info.plist */ = {isa = PBXFileReference; lastKnownFileType = text.plist; path = Info.plist; sourceTree = "<group>"; };
/* End PBXFileReference section */

/* Begin PBXFrameworksBuildPhase section */
		9A96FEC52ACD17E500F67CDA /* Frameworks */ = {
			isa = PBXFrameworksBuildPhase;
			buildActionMask = 2147483647;
			files = (
			);
			runOnlyForDeploymentPostprocessing = 0;
		};
/* End PBXFrameworksBuildPhase section */

/* Begin PBXGroup section */
		9A96FEBF2ACD17E500F67CDA = {
			isa = PBXGroup;
			children = (
				9A96FECA2ACD17E600F67CDA /* ReelTalkOnboarding */,
				9A96FEC92ACD17E500F67CDA /* Products */,
			);
			sourceTree = "<group>";
		};
		9A96FEC92ACD17E500F67CDA /* Products */ = {
			isa = PBXGroup;
			children = (
				9A96FEC82ACD17E500F67CDA /* ReelTalkOnboarding.app */,
			);
			name = Products;
			sourceTree = "<group>";
		};
		9A96FECA2ACD17E600F67CDA /* ReelTalkOnboarding */ = {
			isa = PBXGroup;
			children = (
				9A96FF032ACF9F7600F67CDA /* Info.plist */,
				9A96FEFC2ACF9EC900F67CDA /* Font */,
				9A96FECB2ACD17E600F67CDA /* ReelTalkOnboardingApp.swift */,
				9A96FECF2ACD17E800F67CDA /* Assets.xcassets */,
				9A96FED12ACD17E800F67CDA /* Preview Content */,
				9A96FEF92ACF8EA600F67CDA /* Onboarding */,
				9A96FEFA2ACF8F0600F67CDA /* HomeView.swift */,
			);
			path = ReelTalkOnboarding;
			sourceTree = "<group>";
		};
		9A96FED12ACD17E800F67CDA /* Preview Content */ = {
			isa = PBXGroup;
			children = (
				9A96FED22ACD17E800F67CDA /* Preview Assets.xcassets */,
			);
			path = "Preview Content";
			sourceTree = "<group>";
		};
		9A96FEF92ACF8EA600F67CDA /* Onboarding */ = {
			isa = PBXGroup;
			children = (
				9A96FED92ACD18DB00F67CDA /* Splash_1.swift */,
				9A96FEE72ACD4F4800F67CDA /* ReelTalkOnboardingView.swift */,
				9A96FEDB2ACD1B8C00F67CDA /* Onboarding_1.swift */,
				9A96FEDD2ACD1E7700F67CDA /* Onboarding_2.swift */,
				9A96FEDF2ACD1E8600F67CDA /* Onboarding_3.swift */,
				9A96FEE12ACD219D00F67CDA /* SignUpView.swift */,
				9A96FEE92ACD5DD100F67CDA /* LoginView.swift */,
				9A96FEEB2ACD648300F67CDA /* ProfileView.swift */,
				9A96FEEF2ACD96D100F67CDA /* WelcomeView.swift */,
				9A96FEED2ACD94A900F67CDA /* PushNotifView.swift */,
				9A96FEF12ACE482800F67CDA /* GenreSelectionView.swift */,
				9A96FEF32ACE511100F67CDA /* MoviesSelectionView.swift */,
				9A96FEF72ACEC3A700F67CDA /* TVShowsSelectionView.swift */,
				9A96FEF52ACE51E000F67CDA /* KeepItReelView.swift */,
			);
			path = Onboarding;
			sourceTree = "<group>";
		};
		9A96FEFC2ACF9EC900F67CDA /* Font */ = {
			isa = PBXGroup;
			children = (
				9A96FEFD2ACF9F2000F67CDA /* AvenirNextLTPro-Bold.otf */,
				9A96FEFF2ACF9F2000F67CDA /* AvenirNextLTPro-It.otf */,
				9A96FEFE2ACF9F2000F67CDA /* AvenirNextLTPro-Regular.otf */,
			);
			path = Font;
			sourceTree = "<group>";
		};
/* End PBXGroup section */

/* Begin PBXNativeTarget section */
		9A96FEC72ACD17E500F67CDA /* ReelTalkOnboarding */ = {
			isa = PBXNativeTarget;
			buildConfigurationList = 9A96FED62ACD17E800F67CDA /* Build configuration list for PBXNativeTarget "ReelTalkOnboarding" */;
			buildPhases = (
				9A96FEC42ACD17E500F67CDA /* Sources */,
				9A96FEC52ACD17E500F67CDA /* Frameworks */,
				9A96FEC62ACD17E500F67CDA /* Resources */,
			);
			buildRules = (
			);
			dependencies = (
			);
			name = ReelTalkOnboarding;
			productName = ReelTalkOnboarding;
			productReference = 9A96FEC82ACD17E500F67CDA /* ReelTalkOnboarding.app */;
			productType = "com.apple.product-type.application";
		};
/* End PBXNativeTarget section */

/* Begin PBXProject section */
		9A96FEC02ACD17E500F67CDA /* Project object */ = {
			isa = PBXProject;
			attributes = {
				BuildIndependentTargetsInParallel = 1;
				LastSwiftUpdateCheck = 1430;
				LastUpgradeCheck = 1430;
				TargetAttributes = {
					9A96FEC72ACD17E500F67CDA = {
						CreatedOnToolsVersion = 14.3.1;
					};
				};
			};
			buildConfigurationList = 9A96FEC32ACD17E500F67CDA /* Build configuration list for PBXProject "ReelTalkOnboarding" */;
			compatibilityVersion = "Xcode 14.0";
			developmentRegion = en;
			hasScannedForEncodings = 0;
			knownRegions = (
				en,
				Base,
			);
			mainGroup = 9A96FEBF2ACD17E500F67CDA;
			productRefGroup = 9A96FEC92ACD17E500F67CDA /* Products */;
			projectDirPath = "";
			projectRoot = "";
			targets = (
				9A96FEC72ACD17E500F67CDA /* ReelTalkOnboarding */,
			);
		};
/* End PBXProject section */

/* Begin PBXResourcesBuildPhase section */
		9A96FEC62ACD17E500F67CDA /* Resources */ = {
			isa = PBXResourcesBuildPhase;
			buildActionMask = 2147483647;
			files = (
				9A96FED32ACD17E800F67CDA /* Preview Assets.xcassets in Resources */,
				9A96FED02ACD17E800F67CDA /* Assets.xcassets in Resources */,
				9A96FF012ACF9F2000F67CDA /* AvenirNextLTPro-Regular.otf in Resources */,
				9A96FF002ACF9F2000F67CDA /* AvenirNextLTPro-Bold.otf in Resources */,
				9A96FF022ACF9F2000F67CDA /* AvenirNextLTPro-It.otf in Resources */,
			);
			runOnlyForDeploymentPostprocessing = 0;
		};
/* End PBXResourcesBuildPhase section */

/* Begin PBXSourcesBuildPhase section */
		9A96FEC42ACD17E500F67CDA /* Sources */ = {
			isa = PBXSourcesBuildPhase;
			buildActionMask = 2147483647;
			files = (
				9A96FEF62ACE51E000F67CDA /* KeepItReelView.swift in Sources */,
				9A96FEDC2ACD1B8C00F67CDA /* Onboarding_1.swift in Sources */,
				9A96FEE82ACD4F4800F67CDA /* ReelTalkOnboardingView.swift in Sources */,
				9A96FEEC2ACD648300F67CDA /* ProfileView.swift in Sources */,
				9A96FEF82ACEC3A700F67CDA /* TVShowsSelectionView.swift in Sources */,
				9A96FEDE2ACD1E7700F67CDA /* Onboarding_2.swift in Sources */,
				9A96FEEA2ACD5DD100F67CDA /* LoginView.swift in Sources */,
				9A96FEE02ACD1E8600F67CDA /* Onboarding_3.swift in Sources */,
				9A96FEEE2ACD94A900F67CDA /* PushNotifView.swift in Sources */,
				9A96FEF02ACD96D100F67CDA /* WelcomeView.swift in Sources */,
				9A96FEE22ACD219D00F67CDA /* SignUpView.swift in Sources */,
				9A96FEF42ACE511100F67CDA /* MoviesSelectionView.swift in Sources */,
				9A96FECC2ACD17E600F67CDA /* ReelTalkOnboardingApp.swift in Sources */,
				9A96FEFB2ACF8F0600F67CDA /* HomeView.swift in Sources */,
				9A96FEF22ACE482800F67CDA /* GenreSelectionView.swift in Sources */,
				9A96FEDA2ACD18DB00F67CDA /* Splash_1.swift in Sources */,
			);
			runOnlyForDeploymentPostprocessing = 0;
		};
/* End PBXSourcesBuildPhase section */

/* Begin XCBuildConfiguration section */
		9A96FED42ACD17E800F67CDA /* Debug */ = {
			isa = XCBuildConfiguration;
			buildSettings = {
				ALWAYS_SEARCH_USER_PATHS = NO;
				CLANG_ANALYZER_NONNULL = YES;
				CLANG_ANALYZER_NUMBER_OBJECT_CONVERSION = YES_AGGRESSIVE;
				CLANG_CXX_LANGUAGE_STANDARD = "gnu++20";
				CLANG_ENABLE_MODULES = YES;
				CLANG_ENABLE_OBJC_ARC = YES;
				CLANG_ENABLE_OBJC_WEAK = YES;
				CLANG_WARN_BLOCK_CAPTURE_AUTORELEASING = YES;
				CLANG_WARN_BOOL_CONVERSION = YES;
				CLANG_WARN_COMMA = YES;
				CLANG_WARN_CONSTANT_CONVERSION = YES;
				CLANG_WARN_DEPRECATED_OBJC_IMPLEMENTATIONS = YES;
				CLANG_WARN_DIRECT_OBJC_ISA_USAGE = YES_ERROR;
				CLANG_WARN_DOCUMENTATION_COMMENTS = YES;
				CLANG_WARN_EMPTY_BODY = YES;
				CLANG_WARN_ENUM_CONVERSION = YES;
				CLANG_WARN_INFINITE_RECURSION = YES;
				CLANG_WARN_INT_CONVERSION = YES;
				CLANG_WARN_NON_LITERAL_NULL_CONVERSION = YES;
				CLANG_WARN_OBJC_IMPLICIT_RETAIN_SELF = YES;
				CLANG_WARN_OBJC_LITERAL_CONVERSION = YES;
				CLANG_WARN_OBJC_ROOT_CLASS = YES_ERROR;
				CLANG_WARN_QUOTED_INCLUDE_IN_FRAMEWORK_HEADER = YES;
				CLANG_WARN_RANGE_LOOP_ANALYSIS = YES;
				CLANG_WARN_STRICT_PROTOTYPES = YES;
				CLANG_WARN_SUSPICIOUS_MOVE = YES;
				CLANG_WARN_UNGUARDED_AVAILABILITY = YES_AGGRESSIVE;
				CLANG_WARN_UNREACHABLE_CODE = YES;
				CLANG_WARN__DUPLICATE_METHOD_MATCH = YES;
				COPY_PHASE_STRIP = NO;
				DEBUG_INFORMATION_FORMAT = dwarf;
				ENABLE_STRICT_OBJC_MSGSEND = YES;
				ENABLE_TESTABILITY = YES;
				GCC_C_LANGUAGE_STANDARD = gnu11;
				GCC_DYNAMIC_NO_PIC = NO;
				GCC_NO_COMMON_BLOCKS = YES;
				GCC_OPTIMIZATION_LEVEL = 0;
				GCC_PREPROCESSOR_DEFINITIONS = (
					"DEBUG=1",
					"$(inherited)",
				);
				GCC_WARN_64_TO_32_BIT_CONVERSION = YES;
				GCC_WARN_ABOUT_RETURN_TYPE = YES_ERROR;
				GCC_WARN_UNDECLARED_SELECTOR = YES;
				GCC_WARN_UNINITIALIZED_AUTOS = YES_AGGRESSIVE;
				GCC_WARN_UNUSED_FUNCTION = YES;
				GCC_WARN_UNUSED_VARIABLE = YES;
				IPHONEOS_DEPLOYMENT_TARGET = 16.4;
				MTL_ENABLE_DEBUG_INFO = INCLUDE_SOURCE;
				MTL_FAST_MATH = YES;
				ONLY_ACTIVE_ARCH = YES;
				SDKROOT = iphoneos;
				SWIFT_ACTIVE_COMPILATION_CONDITIONS = DEBUG;
				SWIFT_OPTIMIZATION_LEVEL = "-Onone";
			};
			name = Debug;
		};
		9A96FED52ACD17E800F67CDA /* Release */ = {
			isa = XCBuildConfiguration;
			buildSettings = {
				ALWAYS_SEARCH_USER_PATHS = NO;
				CLANG_ANALYZER_NONNULL = YES;
				CLANG_ANALYZER_NUMBER_OBJECT_CONVERSION = YES_AGGRESSIVE;
				CLANG_CXX_LANGUAGE_STANDARD = "gnu++20";
				CLANG_ENABLE_MODULES = YES;
				CLANG_ENABLE_OBJC_ARC = YES;
				CLANG_ENABLE_OBJC_WEAK = YES;
				CLANG_WARN_BLOCK_CAPTURE_AUTORELEASING = YES;
				CLANG_WARN_BOOL_CONVERSION = YES;
				CLANG_WARN_COMMA = YES;
				CLANG_WARN_CONSTANT_CONVERSION = YES;
				CLANG_WARN_DEPRECATED_OBJC_IMPLEMENTATIONS = YES;
				CLANG_WARN_DIRECT_OBJC_ISA_USAGE = YES_ERROR;
				CLANG_WARN_DOCUMENTATION_COMMENTS = YES;
				CLANG_WARN_EMPTY_BODY = YES;
				CLANG_WARN_ENUM_CONVERSION = YES;
				CLANG_WARN_INFINITE_RECURSION = YES;
				CLANG_WARN_INT_CONVERSION = YES;
				CLANG_WARN_NON_LITERAL_NULL_CONVERSION = YES;
				CLANG_WARN_OBJC_IMPLICIT_RETAIN_SELF = YES;
				CLANG_WARN_OBJC_LITERAL_CONVERSION = YES;
				CLANG_WARN_OBJC_ROOT_CLASS = YES_ERROR;
				CLANG_WARN_QUOTED_INCLUDE_IN_FRAMEWORK_HEADER = YES;
				CLANG_WARN_RANGE_LOOP_ANALYSIS = YES;
				CLANG_WARN_STRICT_PROTOTYPES = YES;
				CLANG_WARN_SUSPICIOUS_MOVE = YES;
				CLANG_WARN_UNGUARDED_AVAILABILITY = YES_AGGRESSIVE;
				CLANG_WARN_UNREACHABLE_CODE = YES;
				CLANG_WARN__DUPLICATE_METHOD_MATCH = YES;
				COPY_PHASE_STRIP = NO;
				DEBUG_INFORMATION_FORMAT = "dwarf-with-dsym";
				ENABLE_NS_ASSERTIONS = NO;
				ENABLE_STRICT_OBJC_MSGSEND = YES;
				GCC_C_LANGUAGE_STANDARD = gnu11;
				GCC_NO_COMMON_BLOCKS = YES;
				GCC_WARN_64_TO_32_BIT_CONVERSION = YES;
				GCC_WARN_ABOUT_RETURN_TYPE = YES_ERROR;
				GCC_WARN_UNDECLARED_SELECTOR = YES;
				GCC_WARN_UNINITIALIZED_AUTOS = YES_AGGRESSIVE;
				GCC_WARN_UNUSED_FUNCTION = YES;
				GCC_WARN_UNUSED_VARIABLE = YES;
				IPHONEOS_DEPLOYMENT_TARGET = 16.4;
				MTL_ENABLE_DEBUG_INFO = NO;
				MTL_FAST_MATH = YES;
				SDKROOT = iphoneos;
				SWIFT_COMPILATION_MODE = wholemodule;
				SWIFT_OPTIMIZATION_LEVEL = "-O";
				VALIDATE_PRODUCT = YES;
			};
			name = Release;
		};
		9A96FED72ACD17E800F67CDA /* Debug */ = {
			isa = XCBuildConfiguration;
			buildSettings = {
				ASSETCATALOG_COMPILER_APPICON_NAME = AppIcon;
				ASSETCATALOG_COMPILER_GLOBAL_ACCENT_COLOR_NAME = AccentColor;
				CODE_SIGN_STYLE = Automatic;
				CURRENT_PROJECT_VERSION = 1;
				DEVELOPMENT_ASSET_PATHS = "\"ReelTalkOnboarding/Preview Content\"";
				DEVELOPMENT_TEAM = 9FKHFCQNJL;
				ENABLE_PREVIEWS = YES;
				GENERATE_INFOPLIST_FILE = YES;
				INFOPLIST_FILE = ReelTalkOnboarding/Info.plist;
				INFOPLIST_KEY_CFBundleDisplayName = "";
				INFOPLIST_KEY_UIApplicationSceneManifest_Generation = YES;
				INFOPLIST_KEY_UIApplicationSupportsIndirectInputEvents = YES;
				INFOPLIST_KEY_UILaunchScreen_Generation = YES;
				INFOPLIST_KEY_UISupportedInterfaceOrientations_iPad = "UIInterfaceOrientationPortrait UIInterfaceOrientationPortraitUpsideDown UIInterfaceOrientationLandscapeLeft UIInterfaceOrientationLandscapeRight";
				INFOPLIST_KEY_UISupportedInterfaceOrientations_iPhone = "UIInterfaceOrientationPortrait UIInterfaceOrientationLandscapeLeft UIInterfaceOrientationLandscapeRight";
				LD_RUNPATH_SEARCH_PATHS = (
					"$(inherited)",
					"@executable_path/Frameworks",
				);
				MARKETING_VERSION = 1.0;
				PRODUCT_BUNDLE_IDENTIFIER = com.codewithellie.ReelTalkOnboarding;
				PRODUCT_NAME = "$(TARGET_NAME)";
				SWIFT_EMIT_LOC_STRINGS = YES;
				SWIFT_VERSION = 5.0;
				TARGETED_DEVICE_FAMILY = "1,2";
			};
			name = Debug;
		};
		9A96FED82ACD17E800F67CDA /* Release */ = {
			isa = XCBuildConfiguration;
			buildSettings = {
				ASSETCATALOG_COMPILER_APPICON_NAME = AppIcon;
				ASSETCATALOG_COMPILER_GLOBAL_ACCENT_COLOR_NAME = AccentColor;
				CODE_SIGN_STYLE = Automatic;
				CURRENT_PROJECT_VERSION = 1;
				DEVELOPMENT_ASSET_PATHS = "\"ReelTalkOnboarding/Preview Content\"";
				DEVELOPMENT_TEAM = 9FKHFCQNJL;
				ENABLE_PREVIEWS = YES;
				GENERATE_INFOPLIST_FILE = YES;
				INFOPLIST_FILE = ReelTalkOnboarding/Info.plist;
				INFOPLIST_KEY_CFBundleDisplayName = "";
				INFOPLIST_KEY_UIApplicationSceneManifest_Generation = YES;
				INFOPLIST_KEY_UIApplicationSupportsIndirectInputEvents = YES;
				INFOPLIST_KEY_UILaunchScreen_Generation = YES;
				INFOPLIST_KEY_UISupportedInterfaceOrientations_iPad = "UIInterfaceOrientationPortrait UIInterfaceOrientationPortraitUpsideDown UIInterfaceOrientationLandscapeLeft UIInterfaceOrientationLandscapeRight";
				INFOPLIST_KEY_UISupportedInterfaceOrientations_iPhone = "UIInterfaceOrientationPortrait UIInterfaceOrientationLandscapeLeft UIInterfaceOrientationLandscapeRight";
				LD_RUNPATH_SEARCH_PATHS = (
					"$(inherited)",
					"@executable_path/Frameworks",
				);
				MARKETING_VERSION = 1.0;
				PRODUCT_BUNDLE_IDENTIFIER = com.codewithellie.ReelTalkOnboarding;
				PRODUCT_NAME = "$(TARGET_NAME)";
				SWIFT_EMIT_LOC_STRINGS = YES;
				SWIFT_VERSION = 5.0;
				TARGETED_DEVICE_FAMILY = "1,2";
			};
			name = Release;
		};
/* End XCBuildConfiguration section */

/* Begin XCConfigurationList section */
		9A96FEC32ACD17E500F67CDA /* Build configuration list for PBXProject "ReelTalkOnboarding" */ = {
			isa = XCConfigurationList;
			buildConfigurations = (
				9A96FED42ACD17E800F67CDA /* Debug */,
				9A96FED52ACD17E800F67CDA /* Release */,
			);
			defaultConfigurationIsVisible = 0;
			defaultConfigurationName = Release;
		};
		9A96FED62ACD17E800F67CDA /* Build configuration list for PBXNativeTarget "ReelTalkOnboarding" */ = {
			isa = XCConfigurationList;
			buildConfigurations = (
				9A96FED72ACD17E800F67CDA /* Debug */,
				9A96FED82ACD17E800F67CDA /* Release */,
			);
			defaultConfigurationIsVisible = 0;
			defaultConfigurationName = Release;
		};
/* End XCConfigurationList section */
	};
	rootObject = 9A96FEC02ACD17E500F67CDA /* Project object */;
}
